{
  "name": "terminator",
  "version": "1.4.1",
  "lockfileVersion": 3,
  "requires": true,
  "packages": {
    "": {
      "name": "terminator",
      "version": "1.4.1",
      "license": "GPL-3.0",
      "dependencies": {
        "@minecraft/server": "^1.6.0",
        "@minecraft/server-ui": "^1.1.0"
      }
    },
    "node_modules/@minecraft/common": {
      "version": "1.1.0",
      "resolved": "https://registry.npmjs.org/@minecraft/common/-/common-1.1.0.tgz",
      "integrity": "sha512-stbUtINCXbcLNRlGNVX68xRC6ZYq3k3CYmfptwrCcPBEUjVOpVkSj3H4Y0qiSYB+1rVWv7DgiP7Uf9++50Ne5g=="
    },
    "node_modules/@minecraft/server": {
      "version": "1.7.0",
      "resolved": "https://registry.npmjs.org/@minecraft/server/-/server-1.7.0.tgz",
      "integrity": "sha512-4q9N3vdLZMAUxPo//bovimPbPLuPbHbQC507ZB2h++dqOGWUGnCcTXTNRg2zkBwMonAzWHONkUsVr5tsi9BHcg==",
      "dependencies": {
        "@minecraft/common": "^1.1.0"
      }
    },
    "node_modules/@minecraft/server-ui": {
      "version": "1.1.0",
      "resolved": "https://registry.npmjs.org/@minecraft/server-ui/-/server-ui-1.1.0.tgz",
      "integrity": "sha512-Gnf+GHjjT4VFoXEt7qjrfDRipDgc93YcXbgTmdPTQ5Og3DIRD003ahH97tGMZmeNdsB+ymvAquf+o2o9W2pDjw==",
      "dependencies": {
        "@minecraft/server": "^1.2.0"
      }
    }
  }
}
