{
  "name": "localization",
  "version": "1.0.0",
  "lockfileVersion": 3,
  "requires": true,
  "packages": {
    "": {
      "name": "localization",
      "version": "1.0.0",
      "dependencies": {
        "@iamtraction/google-translate": "^2.0.1",
        "properties-reader": "^2.3.0"
      },
      "devDependencies": {
        "@types/properties-reader": "^2.1.3"
      }
    },
    "node_modules/@fastify/busboy": {
      "version": "2.1.1",
      "resolved": "https://registry.npmjs.org/@fastify/busboy/-/busboy-2.1.1.tgz",
      "integrity": "sha512-vBZP4NlzfOlerQTnba4aqZoMhE/a9HY7HRqoOPaETQcSQuWEIyZMHGfVu6w9wGtGK5fED5qRs2DteVCjOH60sA==",
      "license": "MIT",
      "engines": {
        "node": ">=14"
      }
    },
    "node_modules/@iamtraction/google-translate": {
      "version": "2.0.1",
      "resolved": "https://registry.npmjs.org/@iamtraction/google-translate/-/google-translate-2.0.1.tgz",
      "integrity": "sha512-kOTkt23zflxpgxLIe9tLvDU8IvNscXYbgMSXydNkZGWDtJ75YJiU3v7EBz+t7h/gSiY7sT5r4dlFkMrHCl+N6A==",
      "license": "MIT",
      "dependencies": {
        "undici": "^5.12.0"
      },
      "engines": {
        "node": ">=16.0.0"
      }
    },
    "node_modules/@types/properties-reader": {
      "version": "2.1.3",
      "resolved": "https://registry.npmjs.org/@types/properties-reader/-/properties-reader-2.1.3.tgz",
      "integrity": "sha512-k4fBDScfZ9xQjIrZm0HcJlyWVZ5ltE9W8N2AIecsgFXfg5REhKKHEwmpRvSQvEPWnIEsL67K70P1tx7kGo+cjQ==",
      "dev": true,
      "license": "MIT"
    },
    "node_modules/mkdirp": {
      "version": "1.0.4",
      "resolved": "https://registry.npmjs.org/mkdirp/-/mkdirp-1.0.4.tgz",
      "integrity": "sha512-vVqVZQyf3WLx2Shd0qJ9xuvqgAyKPLAiqITEtqW0oIUjzo3PePDd6fW9iFz30ef7Ysp/oiWqbhszeGWW2T6Gzw==",
      "license": "MIT",
      "bin": {
        "mkdirp": "bin/cmd.js"
      },
      "engines": {
        "node": ">=10"
      }
    },
    "node_modules/properties-reader": {
      "version": "2.3.0",
      "resolved": "https://registry.npmjs.org/properties-reader/-/properties-reader-2.3.0.tgz",
      "integrity": "sha512-z597WicA7nDZxK12kZqHr2TcvwNU1GCfA5UwfDY/HDp3hXPoPlb5rlEx9bwGTiJnc0OqbBTkU975jDToth8Gxw==",
      "license": "MIT",
      "dependencies": {
        "mkdirp": "^1.0.4"
      },
      "engines": {
        "node": ">=14"
      },
      "funding": {
        "type": "github",
        "url": "https://github.com/steveukx/properties?sponsor=1"
      }
    },
    "node_modules/undici": {
      "version": "5.28.4",
      "resolved": "https://registry.npmjs.org/undici/-/undici-5.28.4.tgz",
      "integrity": "sha512-72RFADWFqKmUb2hmmvNODKL3p9hcB6Gt2DOQMis1SEBaV6a4MH8soBvzg+95CYhCKPFedut2JY9bMfrDl9D23g==",
      "license": "MIT",
      "dependencies": {
        "@fastify/busboy": "^2.0.0"
      },
      "engines": {
        "node": ">=14.0"
      }
    }
  }
}
